
Microsoft Visual Studio Solution File, Format Version 12.00
Project("{FAE04EC0-301F-11D3-BF4B-00C04F79EFBC}") = "Compiler", "Compiler\Compiler.csproj", "{BB1695FA-35F6-48B8-9A2E-86D8E108B0D8}"
EndProject
Global
	GlobalSection(SolutionConfigurationPlatforms) = preSolution
		Debug|Any CPU = Debug|Any CPU
		Release|Any CPU = Release|Any CPU
	EndGlobalSection
	GlobalSection(ProjectConfigurationPlatforms) = postSolution
		{BB1695FA-35F6-48B8-9A2E-86D8E108B0D8}.Debug|Any CPU.ActiveCfg = Debug|Any CPU
		{BB1695FA-35F6-48B8-9A2E-86D8E108B0D8}.Debug|Any CPU.Build.0 = Debug|Any CPU
		{BB1695FA-35F6-48B8-9A2E-86D8E108B0D8}.Release|Any CPU.ActiveCfg = Release|Any CPU
		{BB1695FA-35F6-48B8-9A2E-86D8E108B0D8}.Release|Any CPU.Build.0 = Release|Any CPU
	EndGlobalSection
	GlobalSection(NestedProjects) = preSolution
	EndGlobalSection
EndGlobal
